{
  "name": "start_project",
  "version": "1.0.0",
  "lockfileVersion": 1,
  "requires": true,
  "dependencies": {
    "mobx": {
      "version": "5.15.1",
      "resolved": "https://registry.npm.taobao.org/mobx/download/mobx-5.15.1.tgz",
      "integrity": "sha1-ugeAeAiz+dw+awp0umm8zMbfTs4="
    },
    "mobx-cocos": {
      "version": "1.1.4",
      "resolved": "https://registry.npm.taobao.org/mobx-cocos/download/mobx-cocos-1.1.4.tgz",
      "integrity": "sha1-VPYUNU3XwTZagMbfMizWVKosvbk="
    },
    "typescript": {
      "version": "3.7.4",
      "resolved": "https://registry.npm.taobao.org/typescript/download/typescript-3.7.4.tgz",
      "integrity": "sha1-F0Ol7F/vah+p8+RwjjPIHHOHbBk="
    }
  }
}
